
Microsoft Visual Studio Solution File, Format Version 12.00
# Visual Studio Version 16
VisualStudioVersion = 16.0.30128.74
MinimumVisualStudioVersion = 10.0.40219.1
Project("{FAE04EC0-301F-11D3-BF4B-00C04F79EFBC}") = "DbDisconnected", "DbDisconnected\DbDisconnected.csproj", "{83726364-E4AC-4C02-A268-3EBBB4C0A5D4}"
EndProject
Global
	GlobalSection(SolutionConfigurationPlatforms) = preSolution
		Debug|Any CPU = Debug|Any CPU
		Release|Any CPU = Release|Any CPU
	EndGlobalSection
	GlobalSection(ProjectConfigurationPlatforms) = postSolution
		{83726364-E4AC-4C02-A268-3EBBB4C0A5D4}.Debug|Any CPU.ActiveCfg = Debug|Any CPU
		{83726364-E4AC-4C02-A268-3EBBB4C0A5D4}.Debug|Any CPU.Build.0 = Debug|Any CPU
		{83726364-E4AC-4C02-A268-3EBBB4C0A5D4}.Release|Any CPU.ActiveCfg = Release|Any CPU
		{83726364-E4AC-4C02-A268-3EBBB4C0A5D4}.Release|Any CPU.Build.0 = Release|Any CPU
	EndGlobalSection
	GlobalSection(SolutionProperties) = preSolution
		HideSolutionNode = FALSE
	EndGlobalSection
	GlobalSection(ExtensibilityGlobals) = postSolution
		SolutionGuid = {AEC77A5D-AFD7-4CCC-888A-9AA2E4CE541E}
	EndGlobalSection
EndGlobal
