
Microsoft Visual Studio Solution File, Format Version 12.00
# Visual Studio Version 16
VisualStudioVersion = 16.0.30128.74
MinimumVisualStudioVersion = 10.0.40219.1
Project("{FAE04EC0-301F-11D3-BF4B-00C04F79EFBC}") = "LeapYear", "LeapYear\LeapYear.csproj", "{4C3F1677-F051-487D-B4BA-046055092B6B}"
EndProject
Global
	GlobalSection(SolutionConfigurationPlatforms) = preSolution
		Debug|Any CPU = Debug|Any CPU
		Release|Any CPU = Release|Any CPU
	EndGlobalSection
	GlobalSection(ProjectConfigurationPlatforms) = postSolution
		{4C3F1677-F051-487D-B4BA-046055092B6B}.Debug|Any CPU.ActiveCfg = Debug|Any CPU
		{4C3F1677-F051-487D-B4BA-046055092B6B}.Debug|Any CPU.Build.0 = Debug|Any CPU
		{4C3F1677-F051-487D-B4BA-046055092B6B}.Release|Any CPU.ActiveCfg = Release|Any CPU
		{4C3F1677-F051-487D-B4BA-046055092B6B}.Release|Any CPU.Build.0 = Release|Any CPU
	EndGlobalSection
	GlobalSection(SolutionProperties) = preSolution
		HideSolutionNode = FALSE
	EndGlobalSection
	GlobalSection(ExtensibilityGlobals) = postSolution
		SolutionGuid = {B8F19F7D-3462-4642-BE3C-48946C38F5DF}
	EndGlobalSection
EndGlobal
